// !$*UTF8*$!
{
	archiveVersion = 1;
	classes = {
	};
	objectVersion = 50;
	objects = {

/* Begin PBXBuildFile section */
		0B21C4DE274856CE000F0185 /* AppDelegate.swift in Sources */ = {isa = PBXBuildFile; fileRef = 0B21C4DD274856CE000F0185 /* AppDelegate.swift */; };
		0B21C4E0274856CE000F0185 /* SceneDelegate.swift in Sources */ = {isa = PBXBuildFile; fileRef = 0B21C4DF274856CE000F0185 /* SceneDelegate.swift */; };
		0B21C4E5274856CE000F0185 /* Main.storyboard in Resources */ = {isa = PBXBuildFile; fileRef = 0B21C4E3274856CE000F0185 /* Main.storyboard */; };
		0B21C4E7274856D2000F0185 /* Assets.xcassets in Resources */ = {isa = PBXBuildFile; fileRef = 0B21C4E6274856D2000F0185 /* Assets.xcassets */; };
		0B21C4EA274856D2000F0185 /* LaunchScreen.storyboard in Resources */ = {isa = PBXBuildFile; fileRef = 0B21C4E8274856D2000F0185 /* LaunchScreen.storyboard */; };
		0B21C4FA2748573E000F0185 /* Max.swift in Sources */ = {isa = PBXBuildFile; fileRef = 0B21C4F92748573E000F0185 /* Max.swift */; };
		0B21C4FE274857BB000F0185 /* WeightController.swift in Sources */ = {isa = PBXBuildFile; fileRef = 0B21C4FD274857BB000F0185 /* WeightController.swift */; };
		0B21C504274859AE000F0185 /* HomeViewController.swift in Sources */ = {isa = PBXBuildFile; fileRef = 0B21C503274859AE000F0185 /* HomeViewController.swift */; };
		0B21C5072748613A000F0185 /* MaxTableViewController.swift in Sources */ = {isa = PBXBuildFile; fileRef = 0B21C5062748613A000F0185 /* MaxTableViewController.swift */; };
		0BF372392763F0D00084D588 /* MaxTableViewCell.swift in Sources */ = {isa = PBXBuildFile; fileRef = 0BF372382763F0D00084D588 /* MaxTableViewCell.swift */; };
		0BF372432767CBF60084D588 /* DoOneMoreTests.swift in Sources */ = {isa = PBXBuildFile; fileRef = 0BF372422767CBF60084D588 /* DoOneMoreTests.swift */; };
/* End PBXBuildFile section */

/* Begin PBXContainerItemProxy section */
		0BF372452767CBF60084D588 /* PBXContainerItemProxy */ = {
			isa = PBXContainerItemProxy;
			containerPortal = 0B21C4D2274856CE000F0185 /* Project object */;
			proxyType = 1;
			remoteGlobalIDString = 0B21C4D9274856CE000F0185;
			remoteInfo = DoOneMore;
		};
/* End PBXContainerItemProxy section */

/* Begin PBXFileReference section */
		0B21C4DA274856CE000F0185 /* DoOneMore.app */ = {isa = PBXFileReference; explicitFileType = wrapper.application; includeInIndex = 0; path = DoOneMore.app; sourceTree = BUILT_PRODUCTS_DIR; };
		0B21C4DD274856CE000F0185 /* AppDelegate.swift */ = {isa = PBXFileReference; lastKnownFileType = sourcecode.swift; path = AppDelegate.swift; sourceTree = "<group>"; };
		0B21C4DF274856CE000F0185 /* SceneDelegate.swift */ = {isa = PBXFileReference; lastKnownFileType = sourcecode.swift; path = SceneDelegate.swift; sourceTree = "<group>"; };
		0B21C4E4274856CE000F0185 /* Base */ = {isa = PBXFileReference; lastKnownFileType = file.storyboard; name = Base; path = Base.lproj/Main.storyboard; sourceTree = "<group>"; };
		0B21C4E6274856D2000F0185 /* Assets.xcassets */ = {isa = PBXFileReference; lastKnownFileType = folder.assetcatalog; path = Assets.xcassets; sourceTree = "<group>"; };
		0B21C4E9274856D2000F0185 /* Base */ = {isa = PBXFileReference; lastKnownFileType = file.storyboard; name = Base; path = Base.lproj/LaunchScreen.storyboard; sourceTree = "<group>"; };
		0B21C4EB274856D2000F0185 /* Info.plist */ = {isa = PBXFileReference; lastKnownFileType = text.plist.xml; path = Info.plist; sourceTree = "<group>"; };
		0B21C4F92748573E000F0185 /* Max.swift */ = {isa = PBXFileReference; lastKnownFileType = sourcecode.swift; path = Max.swift; sourceTree = "<group>"; };
		0B21C4FD274857BB000F0185 /* WeightController.swift */ = {isa = PBXFileReference; lastKnownFileType = sourcecode.swift; path = WeightController.swift; sourceTree = "<group>"; };
		0B21C503274859AE000F0185 /* HomeViewController.swift */ = {isa = PBXFileReference; lastKnownFileType = sourcecode.swift; path = HomeViewController.swift; sourceTree = "<group>"; };
		0B21C5062748613A000F0185 /* MaxTableViewController.swift */ = {isa = PBXFileReference; lastKnownFileType = sourcecode.swift; path = MaxTableViewController.swift; sourceTree = "<group>"; };
		0BF372382763F0D00084D588 /* MaxTableViewCell.swift */ = {isa = PBXFileReference; lastKnownFileType = sourcecode.swift; path = MaxTableViewCell.swift; sourceTree = "<group>"; };
		0BF372402767CBF60084D588 /* DoOneMoreTests.xctest */ = {isa = PBXFileReference; explicitFileType = wrapper.cfbundle; includeInIndex = 0; path = DoOneMoreTests.xctest; sourceTree = BUILT_PRODUCTS_DIR; };
		0BF372422767CBF60084D588 /* DoOneMoreTests.swift */ = {isa = PBXFileReference; lastKnownFileType = sourcecode.swift; path = DoOneMoreTests.swift; sourceTree = "<group>"; };
		0BF372442767CBF60084D588 /* Info.plist */ = {isa = PBXFileReference; lastKnownFileType = text.plist.xml; path = Info.plist; sourceTree = "<group>"; };
/* End PBXFileReference section */

/* Begin PBXFrameworksBuildPhase section */
		0B21C4D7274856CE000F0185 /* Frameworks */ = {
			isa = PBXFrameworksBuildPhase;
			buildActionMask = 2147483647;
			files = (
			);
			runOnlyForDeploymentPostprocessing = 0;
		};
		0BF3723D2767CBF60084D588 /* Frameworks */ = {
			isa = PBXFrameworksBuildPhase;
			buildActionMask = 2147483647;
			files = (
			);
			runOnlyForDeploymentPostprocessing = 0;
		};
/* End PBXFrameworksBuildPhase section */

/* Begin PBXGroup section */
		0B21C4D1274856CE000F0185 = {
			isa = PBXGroup;
			children = (
				0B21C4DC274856CE000F0185 /* DoOneMore */,
				0BF372412767CBF60084D588 /* DoOneMoreTests */,
				0B21C4DB274856CE000F0185 /* Products */,
			);
			sourceTree = "<group>";
		};
		0B21C4DB274856CE000F0185 /* Products */ = {
			isa = PBXGroup;
			children = (
				0B21C4DA274856CE000F0185 /* DoOneMore.app */,
				0BF372402767CBF60084D588 /* DoOneMoreTests.xctest */,
			);
			name = Products;
			sourceTree = "<group>";
		};
		0B21C4DC274856CE000F0185 /* DoOneMore */ = {
			isa = PBXGroup;
			children = (
				0B21C4F72748571B000F0185 /* ModelControllers */,
				0B21C4F627485714000F0185 /* Models */,
				0B21C4F827485724000F0185 /* ViewControllers */,
				0BF372372763F0A10084D588 /* CustomViews */,
				0B21C5012748596C000F0185 /* Views */,
				0B21C4F3274856E9000F0185 /* Resources */,
			);
			path = DoOneMore;
			sourceTree = "<group>";
		};
		0B21C4F3274856E9000F0185 /* Resources */ = {
			isa = PBXGroup;
			children = (
				0B21C4E6274856D2000F0185 /* Assets.xcassets */,
				0B21C4DD274856CE000F0185 /* AppDelegate.swift */,
				0B21C4DF274856CE000F0185 /* SceneDelegate.swift */,
				0B21C4EB274856D2000F0185 /* Info.plist */,
			);
			path = Resources;
			sourceTree = "<group>";
		};
		0B21C4F627485714000F0185 /* Models */ = {
			isa = PBXGroup;
			children = (
				0B21C4F92748573E000F0185 /* Max.swift */,
			);
			path = Models;
			sourceTree = "<group>";
		};
		0B21C4F72748571B000F0185 /* ModelControllers */ = {
			isa = PBXGroup;
			children = (
				0B21C4FD274857BB000F0185 /* WeightController.swift */,
			);
			path = ModelControllers;
			sourceTree = "<group>";
		};
		0B21C4F827485724000F0185 /* ViewControllers */ = {
			isa = PBXGroup;
			children = (
				0B21C503274859AE000F0185 /* HomeViewController.swift */,
				0B21C5062748613A000F0185 /* MaxTableViewController.swift */,
			);
			path = ViewControllers;
			sourceTree = "<group>";
		};
		0B21C5012748596C000F0185 /* Views */ = {
			isa = PBXGroup;
			children = (
				0B21C4E3274856CE000F0185 /* Main.storyboard */,
				0B21C4E8274856D2000F0185 /* LaunchScreen.storyboard */,
			);
			path = Views;
			sourceTree = "<group>";
		};
		0BF372372763F0A10084D588 /* CustomViews */ = {
			isa = PBXGroup;
			children = (
				0BF372382763F0D00084D588 /* MaxTableViewCell.swift */,
			);
			path = CustomViews;
			sourceTree = "<group>";
		};
		0BF372412767CBF60084D588 /* DoOneMoreTests */ = {
			isa = PBXGroup;
			children = (
				0BF372422767CBF60084D588 /* DoOneMoreTests.swift */,
				0BF372442767CBF60084D588 /* Info.plist */,
			);
			path = DoOneMoreTests;
			sourceTree = "<group>";
		};
/* End PBXGroup section */

/* Begin PBXNativeTarget section */
		0B21C4D9274856CE000F0185 /* DoOneMore */ = {
			isa = PBXNativeTarget;
			buildConfigurationList = 0B21C4EE274856D2000F0185 /* Build configuration list for PBXNativeTarget "DoOneMore" */;
			buildPhases = (
				0B21C4D6274856CE000F0185 /* Sources */,
				0B21C4D7274856CE000F0185 /* Frameworks */,
				0B21C4D8274856CE000F0185 /* Resources */,
			);
			buildRules = (
			);
			dependencies = (
			);
			name = DoOneMore;
			productName = DoOneMore;
			productReference = 0B21C4DA274856CE000F0185 /* DoOneMore.app */;
			productType = "com.apple.product-type.application";
		};
		0BF3723F2767CBF60084D588 /* DoOneMoreTests */ = {
			isa = PBXNativeTarget;
			buildConfigurationList = 0BF372472767CBF60084D588 /* Build configuration list for PBXNativeTarget "DoOneMoreTests" */;
			buildPhases = (
				0BF3723C2767CBF60084D588 /* Sources */,
				0BF3723D2767CBF60084D588 /* Frameworks */,
				0BF3723E2767CBF60084D588 /* Resources */,
			);
			buildRules = (
			);
			dependencies = (
				0BF372462767CBF60084D588 /* PBXTargetDependency */,
			);
			name = DoOneMoreTests;
			productName = DoOneMoreTests;
			productReference = 0BF372402767CBF60084D588 /* DoOneMoreTests.xctest */;
			productType = "com.apple.product-type.bundle.unit-test";
		};
/* End PBXNativeTarget section */

/* Begin PBXProject section */
		0B21C4D2274856CE000F0185 /* Project object */ = {
			isa = PBXProject;
			attributes = {
				LastSwiftUpdateCheck = 1230;
				LastUpgradeCheck = 1230;
				TargetAttributes = {
					0B21C4D9274856CE000F0185 = {
						CreatedOnToolsVersion = 12.3;
					};
					0BF3723F2767CBF60084D588 = {
						CreatedOnToolsVersion = 12.3;
						TestTargetID = 0B21C4D9274856CE000F0185;
					};
				};
			};
			buildConfigurationList = 0B21C4D5274856CE000F0185 /* Build configuration list for PBXProject "DoOneMore" */;
			compatibilityVersion = "Xcode 9.3";
			developmentRegion = en;
			hasScannedForEncodings = 0;
			knownRegions = (
				en,
				Base,
			);
			mainGroup = 0B21C4D1274856CE000F0185;
			productRefGroup = 0B21C4DB274856CE000F0185 /* Products */;
			projectDirPath = "";
			projectRoot = "";
			targets = (
				0B21C4D9274856CE000F0185 /* DoOneMore */,
				0BF3723F2767CBF60084D588 /* DoOneMoreTests */,
			);
		};
/* End PBXProject section */

/* Begin PBXResourcesBuildPhase section */
		0B21C4D8274856CE000F0185 /* Resources */ = {
			isa = PBXResourcesBuildPhase;
			buildActionMask = 2147483647;
			files = (
				0B21C4EA274856D2000F0185 /* LaunchScreen.storyboard in Resources */,
				0B21C4E7274856D2000F0185 /* Assets.xcassets in Resources */,
				0B21C4E5274856CE000F0185 /* Main.storyboard in Resources */,
			);
			runOnlyForDeploymentPostprocessing = 0;
		};
		0BF3723E2767CBF60084D588 /* Resources */ = {
			isa = PBXResourcesBuildPhase;
			buildActionMask = 2147483647;
			files = (
			);
			runOnlyForDeploymentPostprocessing = 0;
		};
/* End PBXResourcesBuildPhase section */

/* Begin PBXSourcesBuildPhase section */
		0B21C4D6274856CE000F0185 /* Sources */ = {
			isa = PBXSourcesBuildPhase;
			buildActionMask = 2147483647;
			files = (
				0B21C504274859AE000F0185 /* HomeViewController.swift in Sources */,
				0BF372392763F0D00084D588 /* MaxTableViewCell.swift in Sources */,
				0B21C4DE274856CE000F0185 /* AppDelegate.swift in Sources */,
				0B21C4FE274857BB000F0185 /* WeightController.swift in Sources */,
				0B21C5072748613A000F0185 /* MaxTableViewController.swift in Sources */,
				0B21C4FA2748573E000F0185 /* Max.swift in Sources */,
				0B21C4E0274856CE000F0185 /* SceneDelegate.swift in Sources */,
			);
			runOnlyForDeploymentPostprocessing = 0;
		};
		0BF3723C2767CBF60084D588 /* Sources */ = {
			isa = PBXSourcesBuildPhase;
			buildActionMask = 2147483647;
			files = (
				0BF372432767CBF60084D588 /* DoOneMoreTests.swift in Sources */,
			);
			runOnlyForDeploymentPostprocessing = 0;
		};
/* End PBXSourcesBuildPhase section */

/* Begin PBXTargetDependency section */
		0BF372462767CBF60084D588 /* PBXTargetDependency */ = {
			isa = PBXTargetDependency;
			target = 0B21C4D9274856CE000F0185 /* DoOneMore */;
			targetProxy = 0BF372452767CBF60084D588 /* PBXContainerItemProxy */;
		};
/* End PBXTargetDependency section */

/* Begin PBXVariantGroup section */
		0B21C4E3274856CE000F0185 /* Main.storyboard */ = {
			isa = PBXVariantGroup;
			children = (
				0B21C4E4274856CE000F0185 /* Base */,
			);
			name = Main.storyboard;
			sourceTree = "<group>";
		};
		0B21C4E8274856D2000F0185 /* LaunchScreen.storyboard */ = {
			isa = PBXVariantGroup;
			children = (
				0B21C4E9274856D2000F0185 /* Base */,
			);
			name = LaunchScreen.storyboard;
			sourceTree = "<group>";
		};
/* End PBXVariantGroup section */

/* Begin XCBuildConfiguration section */
		0B21C4EC274856D2000F0185 /* Debug */ = {
			isa = XCBuildConfiguration;
			buildSettings = {
				ALWAYS_SEARCH_USER_PATHS = NO;
				CLANG_ANALYZER_NONNULL = YES;
				CLANG_ANALYZER_NUMBER_OBJECT_CONVERSION = YES_AGGRESSIVE;
				CLANG_CXX_LANGUAGE_STANDARD = "gnu++14";
				CLANG_CXX_LIBRARY = "libc++";
				CLANG_ENABLE_MODULES = YES;
				CLANG_ENABLE_OBJC_ARC = YES;
				CLANG_ENABLE_OBJC_WEAK = YES;
				CLANG_WARN_BLOCK_CAPTURE_AUTORELEASING = YES;
				CLANG_WARN_BOOL_CONVERSION = YES;
				CLANG_WARN_COMMA = YES;
				CLANG_WARN_CONSTANT_CONVERSION = YES;
				CLANG_WARN_DEPRECATED_OBJC_IMPLEMENTATIONS = YES;
				CLANG_WARN_DIRECT_OBJC_ISA_USAGE = YES_ERROR;
				CLANG_WARN_DOCUMENTATION_COMMENTS = YES;
				CLANG_WARN_EMPTY_BODY = YES;
				CLANG_WARN_ENUM_CONVERSION = YES;
				CLANG_WARN_INFINITE_RECURSION = YES;
				CLANG_WARN_INT_CONVERSION = YES;
				CLANG_WARN_NON_LITERAL_NULL_CONVERSION = YES;
				CLANG_WARN_OBJC_IMPLICIT_RETAIN_SELF = YES;
				CLANG_WARN_OBJC_LITERAL_CONVERSION = YES;
				CLANG_WARN_OBJC_ROOT_CLASS = YES_ERROR;
				CLANG_WARN_QUOTED_INCLUDE_IN_FRAMEWORK_HEADER = YES;
				CLANG_WARN_RANGE_LOOP_ANALYSIS = YES;
				CLANG_WARN_STRICT_PROTOTYPES = YES;
				CLANG_WARN_SUSPICIOUS_MOVE = YES;
				CLANG_WARN_UNGUARDED_AVAILABILITY = YES_AGGRESSIVE;
				CLANG_WARN_UNREACHABLE_CODE = YES;
				CLANG_WARN__DUPLICATE_METHOD_MATCH = YES;
				COPY_PHASE_STRIP = NO;
				DEBUG_INFORMATION_FORMAT = dwarf;
				ENABLE_STRICT_OBJC_MSGSEND = YES;
				ENABLE_TESTABILITY = YES;
				GCC_C_LANGUAGE_STANDARD = gnu11;
				GCC_DYNAMIC_NO_PIC = NO;
				GCC_NO_COMMON_BLOCKS = YES;
				GCC_OPTIMIZATION_LEVEL = 0;
				GCC_PREPROCESSOR_DEFINITIONS = (
					"DEBUG=1",
					"$(inherited)",
				);
				GCC_WARN_64_TO_32_BIT_CONVERSION = YES;
				GCC_WARN_ABOUT_RETURN_TYPE = YES_ERROR;
				GCC_WARN_UNDECLARED_SELECTOR = YES;
				GCC_WARN_UNINITIALIZED_AUTOS = YES_AGGRESSIVE;
				GCC_WARN_UNUSED_FUNCTION = YES;
				GCC_WARN_UNUSED_VARIABLE = YES;
				IPHONEOS_DEPLOYMENT_TARGET = 14.3;
				MTL_ENABLE_DEBUG_INFO = INCLUDE_SOURCE;
				MTL_FAST_MATH = YES;
				ONLY_ACTIVE_ARCH = YES;
				SDKROOT = iphoneos;
				SWIFT_ACTIVE_COMPILATION_CONDITIONS = DEBUG;
				SWIFT_OPTIMIZATION_LEVEL = "-Onone";
			};
			name = Debug;
		};
		0B21C4ED274856D2000F0185 /* Release */ = {
			isa = XCBuildConfiguration;
			buildSettings = {
				ALWAYS_SEARCH_USER_PATHS = NO;
				CLANG_ANALYZER_NONNULL = YES;
				CLANG_ANALYZER_NUMBER_OBJECT_CONVERSION = YES_AGGRESSIVE;
				CLANG_CXX_LANGUAGE_STANDARD = "gnu++14";
				CLANG_CXX_LIBRARY = "libc++";
				CLANG_ENABLE_MODULES = YES;
				CLANG_ENABLE_OBJC_ARC = YES;
				CLANG_ENABLE_OBJC_WEAK = YES;
				CLANG_WARN_BLOCK_CAPTURE_AUTORELEASING = YES;
				CLANG_WARN_BOOL_CONVERSION = YES;
				CLANG_WARN_COMMA = YES;
				CLANG_WARN_CONSTANT_CONVERSION = YES;
				CLANG_WARN_DEPRECATED_OBJC_IMPLEMENTATIONS = YES;
				CLANG_WARN_DIRECT_OBJC_ISA_USAGE = YES_ERROR;
				CLANG_WARN_DOCUMENTATION_COMMENTS = YES;
				CLANG_WARN_EMPTY_BODY = YES;
				CLANG_WARN_ENUM_CONVERSION = YES;
				CLANG_WARN_INFINITE_RECURSION = YES;
				CLANG_WARN_INT_CONVERSION = YES;
				CLANG_WARN_NON_LITERAL_NULL_CONVERSION = YES;
				CLANG_WARN_OBJC_IMPLICIT_RETAIN_SELF = YES;
				CLANG_WARN_OBJC_LITERAL_CONVERSION = YES;
				CLANG_WARN_OBJC_ROOT_CLASS = YES_ERROR;
				CLANG_WARN_QUOTED_INCLUDE_IN_FRAMEWORK_HEADER = YES;
				CLANG_WARN_RANGE_LOOP_ANALYSIS = YES;
				CLANG_WARN_STRICT_PROTOTYPES = YES;
				CLANG_WARN_SUSPICIOUS_MOVE = YES;
				CLANG_WARN_UNGUARDED_AVAILABILITY = YES_AGGRESSIVE;
				CLANG_WARN_UNREACHABLE_CODE = YES;
				CLANG_WARN__DUPLICATE_METHOD_MATCH = YES;
				COPY_PHASE_STRIP = NO;
				DEBUG_INFORMATION_FORMAT = "dwarf-with-dsym";
				ENABLE_NS_ASSERTIONS = NO;
				ENABLE_STRICT_OBJC_MSGSEND = YES;
				GCC_C_LANGUAGE_STANDARD = gnu11;
				GCC_NO_COMMON_BLOCKS = YES;
				GCC_WARN_64_TO_32_BIT_CONVERSION = YES;
				GCC_WARN_ABOUT_RETURN_TYPE = YES_ERROR;
				GCC_WARN_UNDECLARED_SELECTOR = YES;
				GCC_WARN_UNINITIALIZED_AUTOS = YES_AGGRESSIVE;
				GCC_WARN_UNUSED_FUNCTION = YES;
				GCC_WARN_UNUSED_VARIABLE = YES;
				IPHONEOS_DEPLOYMENT_TARGET = 14.3;
				MTL_ENABLE_DEBUG_INFO = NO;
				MTL_FAST_MATH = YES;
				SDKROOT = iphoneos;
				SWIFT_COMPILATION_MODE = wholemodule;
				SWIFT_OPTIMIZATION_LEVEL = "-O";
				VALIDATE_PRODUCT = YES;
			};
			name = Release;
		};
		0B21C4EF274856D2000F0185 /* Debug */ = {
			isa = XCBuildConfiguration;
			buildSettings = {
				ASSETCATALOG_COMPILER_APPICON_NAME = AppIcon;
				ASSETCATALOG_COMPILER_GLOBAL_ACCENT_COLOR_NAME = AccentColor;
				CODE_SIGN_STYLE = Automatic;
				DEVELOPMENT_TEAM = G85A29FYUQ;
				INFOPLIST_FILE = DoOneMore/Resources/Info.plist;
				LD_RUNPATH_SEARCH_PATHS = (
					"$(inherited)",
					"@executable_path/Frameworks",
				);
				PRODUCT_BUNDLE_IDENTIFIER = com.ethansApp.DoOneMore;
				PRODUCT_NAME = "$(TARGET_NAME)";
				SWIFT_VERSION = 5.0;
				TARGETED_DEVICE_FAMILY = "1,2";
			};
			name = Debug;
		};
		0B21C4F0274856D2000F0185 /* Release */ = {
			isa = XCBuildConfiguration;
			buildSettings = {
				ASSETCATALOG_COMPILER_APPICON_NAME = AppIcon;
				ASSETCATALOG_COMPILER_GLOBAL_ACCENT_COLOR_NAME = AccentColor;
				CODE_SIGN_STYLE = Automatic;
				DEVELOPMENT_TEAM = G85A29FYUQ;
				INFOPLIST_FILE = DoOneMore/Resources/Info.plist;
				LD_RUNPATH_SEARCH_PATHS = (
					"$(inherited)",
					"@executable_path/Frameworks",
				);
				PRODUCT_BUNDLE_IDENTIFIER = com.ethansApp.DoOneMore;
				PRODUCT_NAME = "$(TARGET_NAME)";
				SWIFT_VERSION = 5.0;
				TARGETED_DEVICE_FAMILY = "1,2";
			};
			name = Release;
		};
		0BF372482767CBF60084D588 /* Debug */ = {
			isa = XCBuildConfiguration;
			buildSettings = {
				BUNDLE_LOADER = "$(TEST_HOST)";
				CODE_SIGN_STYLE = Automatic;
				DEVELOPMENT_TEAM = G85A29FYUQ;
				INFOPLIST_FILE = DoOneMoreTests/Info.plist;
				LD_RUNPATH_SEARCH_PATHS = (
					"$(inherited)",
					"@executable_path/Frameworks",
					"@loader_path/Frameworks",
				);
				PRODUCT_BUNDLE_IDENTIFIER = com.ethansApp.DoOneMoreTests;
				PRODUCT_NAME = "$(TARGET_NAME)";
				SWIFT_VERSION = 5.0;
				TARGETED_DEVICE_FAMILY = "1,2";
				TEST_HOST = "$(BUILT_PRODUCTS_DIR)/DoOneMore.app/DoOneMore";
			};
			name = Debug;
		};
		0BF372492767CBF60084D588 /* Release */ = {
			isa = XCBuildConfiguration;
			buildSettings = {
				BUNDLE_LOADER = "$(TEST_HOST)";
				CODE_SIGN_STYLE = Automatic;
				DEVELOPMENT_TEAM = G85A29FYUQ;
				INFOPLIST_FILE = DoOneMoreTests/Info.plist;
				LD_RUNPATH_SEARCH_PATHS = (
					"$(inherited)",
					"@executable_path/Frameworks",
					"@loader_path/Frameworks",
				);
				PRODUCT_BUNDLE_IDENTIFIER = com.ethansApp.DoOneMoreTests;
				PRODUCT_NAME = "$(TARGET_NAME)";
				SWIFT_VERSION = 5.0;
				TARGETED_DEVICE_FAMILY = "1,2";
				TEST_HOST = "$(BUILT_PRODUCTS_DIR)/DoOneMore.app/DoOneMore";
			};
			name = Release;
		};
/* End XCBuildConfiguration section */

/* Begin XCConfigurationList section */
		0B21C4D5274856CE000F0185 /* Build configuration list for PBXProject "DoOneMore" */ = {
			isa = XCConfigurationList;
			buildConfigurations = (
				0B21C4EC274856D2000F0185 /* Debug */,
				0B21C4ED274856D2000F0185 /* Release */,
			);
			defaultConfigurationIsVisible = 0;
			defaultConfigurationName = Release;
		};
		0B21C4EE274856D2000F0185 /* Build configuration list for PBXNativeTarget "DoOneMore" */ = {
			isa = XCConfigurationList;
			buildConfigurations = (
				0B21C4EF274856D2000F0185 /* Debug */,
				0B21C4F0274856D2000F0185 /* Release */,
			);
			defaultConfigurationIsVisible = 0;
			defaultConfigurationName = Release;
		};
		0BF372472767CBF60084D588 /* Build configuration list for PBXNativeTarget "DoOneMoreTests" */ = {
			isa = XCConfigurationList;
			buildConfigurations = (
				0BF372482767CBF60084D588 /* Debug */,
				0BF372492767CBF60084D588 /* Release */,
			);
			defaultConfigurationIsVisible = 0;
			defaultConfigurationName = Release;
		};
/* End XCConfigurationList section */
	};
	rootObject = 0B21C4D2274856CE000F0185 /* Project object */;
}
